version = 1
revision = 3
requires-python = ">=3.14"

[[package]]
name = "marshaller-library"
version = "0.2.0"
source = { registry = "https://pypi.org/simple" }
sdist = { url = "https://files.pythonhosted.org/packages/b5/49/5b5801d7870b40f95aa29863b9b410c6b46b5ffc03ec5913486d178331a8/marshaller_library-0.2.0.tar.gz", hash = "sha256:e66516526fa12ca00a14dd6d19840128f04fc20a116976aef74d05a84bc5119d", size = 2170, upload-time = "2026-01-04T02:38:20.232Z" }
wheels = [
    { url = "https://files.pythonhosted.org/packages/23/50/e7dec5c45df3bfd335a7453e0b5777c8fa592e335726c9673f066250af37/marshaller_library-0.2.0-py3-none-any.whl", hash = "sha256:220e5dee05c9e6667490cdded305d0ed9ba0c9f43a629a5624c4ff4c70e40378", size = 3340, upload-time = "2026-01-04T02:38:19.234Z" },
]

[[package]]
name = "p2p-framework"
version = "0.2.0"
source = { editable = "." }
dependencies = [
    { name = "marshaller-library" },
]

[package.metadata]
requires-dist = [{ name = "marshaller-library", specifier = ">=0.2.0" }]
